
Microsoft Visual Studio Solution File, Format Version 12.00
# Visual Studio Version 17
VisualStudioVersion = 17.10.34916.146
MinimumVisualStudioVersion = 10.0.40219.1
Project("{9A19103F-16F7-4668-BE54-9A1E7A4F7556}") = "BPA.API", "BPA.API\BPA.API.csproj", "{35AEF41A-F4A5-440F-A8A3-45921EB638FC}"
EndProject
Project("{9A19103F-16F7-4668-BE54-9A1E7A4F7556}") = "BPA.BusinessObject", "BPA.BusinessObject\BPA.BusinessObject.csproj", "{C84DF879-7AFE-4E37-AEA2-2CBEBEA09F34}"
EndProject
Project("{9A19103F-16F7-4668-BE54-9A1E7A4F7556}") = "BPA.DAO", "BPA.DAO\BPA.DAO.csproj", "{6F0F995D-7D07-4066-A9A0-735111A7F7BB}"
EndProject
Project("{FAE04EC0-301F-11D3-BF4B-00C04F79EFBC}") = "BPA.Repository", "BPA.Repository\BPA.Repository.csproj", "{D38EF260-EA40-4AF0-B87E-208D3D4EC6AC}"
EndProject
Project("{FAE04EC0-301F-11D3-BF4B-00C04F79EFBC}") = "BPA.Service", "BPA.Service\BPA.Service.csproj", "{4536F17D-9E0D-4E5D-8C7B-614BD7C0DFB3}"
EndProject
Global
	GlobalSection(SolutionConfigurationPlatforms) = preSolution
		Debug|Any CPU = Debug|Any CPU
		Release|Any CPU = Release|Any CPU
	EndGlobalSection
	GlobalSection(ProjectConfigurationPlatforms) = postSolution
		{35AEF41A-F4A5-440F-A8A3-45921EB638FC}.Debug|Any CPU.ActiveCfg = Debug|Any CPU
		{35AEF41A-F4A5-440F-A8A3-45921EB638FC}.Debug|Any CPU.Build.0 = Debug|Any CPU
		{35AEF41A-F4A5-440F-A8A3-45921EB638FC}.Release|Any CPU.ActiveCfg = Release|Any CPU
		{35AEF41A-F4A5-440F-A8A3-45921EB638FC}.Release|Any CPU.Build.0 = Release|Any CPU
		{C84DF879-7AFE-4E37-AEA2-2CBEBEA09F34}.Debug|Any CPU.ActiveCfg = Debug|Any CPU
		{C84DF879-7AFE-4E37-AEA2-2CBEBEA09F34}.Debug|Any CPU.Build.0 = Debug|Any CPU
		{C84DF879-7AFE-4E37-AEA2-2CBEBEA09F34}.Release|Any CPU.ActiveCfg = Release|Any CPU
		{C84DF879-7AFE-4E37-AEA2-2CBEBEA09F34}.Release|Any CPU.Build.0 = Release|Any CPU
		{6F0F995D-7D07-4066-A9A0-735111A7F7BB}.Debug|Any CPU.ActiveCfg = Debug|Any CPU
		{6F0F995D-7D07-4066-A9A0-735111A7F7BB}.Debug|Any CPU.Build.0 = Debug|Any CPU
		{6F0F995D-7D07-4066-A9A0-735111A7F7BB}.Release|Any CPU.ActiveCfg = Release|Any CPU
		{6F0F995D-7D07-4066-A9A0-735111A7F7BB}.Release|Any CPU.Build.0 = Release|Any CPU
		{D38EF260-EA40-4AF0-B87E-208D3D4EC6AC}.Debug|Any CPU.ActiveCfg = Debug|Any CPU
		{D38EF260-EA40-4AF0-B87E-208D3D4EC6AC}.Debug|Any CPU.Build.0 = Debug|Any CPU
		{D38EF260-EA40-4AF0-B87E-208D3D4EC6AC}.Release|Any CPU.ActiveCfg = Release|Any CPU
		{D38EF260-EA40-4AF0-B87E-208D3D4EC6AC}.Release|Any CPU.Build.0 = Release|Any CPU
		{4536F17D-9E0D-4E5D-8C7B-614BD7C0DFB3}.Debug|Any CPU.ActiveCfg = Debug|Any CPU
		{4536F17D-9E0D-4E5D-8C7B-614BD7C0DFB3}.Debug|Any CPU.Build.0 = Debug|Any CPU
		{4536F17D-9E0D-4E5D-8C7B-614BD7C0DFB3}.Release|Any CPU.ActiveCfg = Release|Any CPU
		{4536F17D-9E0D-4E5D-8C7B-614BD7C0DFB3}.Release|Any CPU.Build.0 = Release|Any CPU
	EndGlobalSection
	GlobalSection(SolutionProperties) = preSolution
		HideSolutionNode = FALSE
	EndGlobalSection
	GlobalSection(ExtensibilityGlobals) = postSolution
		SolutionGuid = {E0E8C8CD-3961-4313-9FA4-2FB86B85061E}
	EndGlobalSection
EndGlobal
