
Microsoft Visual Studio Solution File, Format Version 12.00
# Visual Studio Version 17
VisualStudioVersion = 17.10.34916.146
MinimumVisualStudioVersion = 10.0.40219.1
Project("{FAE04EC0-301F-11D3-BF4B-00C04F79EFBC}") = "Bibaboo_PlazaAPI", "Bibaboo_Plaza\Bibaboo_PlazaAPI.csproj", "{0D07A31C-4F43-4F35-AE57-0DFBF75BF950}"
EndProject
Global
	GlobalSection(SolutionConfigurationPlatforms) = preSolution
		Debug|Any CPU = Debug|Any CPU
		Release|Any CPU = Release|Any CPU
	EndGlobalSection
	GlobalSection(ProjectConfigurationPlatforms) = postSolution
		{0D07A31C-4F43-4F35-AE57-0DFBF75BF950}.Debug|Any CPU.ActiveCfg = Debug|Any CPU
		{0D07A31C-4F43-4F35-AE57-0DFBF75BF950}.Debug|Any CPU.Build.0 = Debug|Any CPU
		{0D07A31C-4F43-4F35-AE57-0DFBF75BF950}.Release|Any CPU.ActiveCfg = Release|Any CPU
		{0D07A31C-4F43-4F35-AE57-0DFBF75BF950}.Release|Any CPU.Build.0 = Release|Any CPU
	EndGlobalSection
	GlobalSection(SolutionProperties) = preSolution
		HideSolutionNode = FALSE
	EndGlobalSection
	GlobalSection(ExtensibilityGlobals) = postSolution
		SolutionGuid = {E0E8C8CD-3961-4313-9FA4-2FB86B85061E}
	EndGlobalSection
EndGlobal
